
Microsoft Visual Studio Solution File, Format Version 12.00
# Visual Studio Version 17
VisualStudioVersion = 17.9.34728.123
MinimumVisualStudioVersion = 10.0.40219.1
Project("{FAE04EC0-301F-11D3-BF4B-00C04F79EFBC}") = "ListasSimplesConsola", "ListasSimplesConsola\ListasSimplesConsola.csproj", "{8D8D5805-6D94-45E2-BB69-B4E94DEAA126}"
EndProject
Global
	GlobalSection(SolutionConfigurationPlatforms) = preSolution
		Debug|Any CPU = Debug|Any CPU
		Release|Any CPU = Release|Any CPU
	EndGlobalSection
	GlobalSection(ProjectConfigurationPlatforms) = postSolution
		{8D8D5805-6D94-45E2-BB69-B4E94DEAA126}.Debug|Any CPU.ActiveCfg = Debug|Any CPU
		{8D8D5805-6D94-45E2-BB69-B4E94DEAA126}.Debug|Any CPU.Build.0 = Debug|Any CPU
		{8D8D5805-6D94-45E2-BB69-B4E94DEAA126}.Release|Any CPU.ActiveCfg = Release|Any CPU
		{8D8D5805-6D94-45E2-BB69-B4E94DEAA126}.Release|Any CPU.Build.0 = Release|Any CPU
	EndGlobalSection
	GlobalSection(SolutionProperties) = preSolution
		HideSolutionNode = FALSE
	EndGlobalSection
	GlobalSection(ExtensibilityGlobals) = postSolution
		SolutionGuid = {D9ACFFDD-54F6-4BD7-A140-4E65911218E3}
	EndGlobalSection
EndGlobal
